// !$*UTF8*$!
{
	archiveVersion = 1;
	classes = {
	};
	objectVersion = 46;
	objects = {

/* Begin PBXBuildFile section */
		487218291E405780000159E9 /* LoginViewController.swift in Sources */ = {isa = PBXBuildFile; fileRef = 487218281E405780000159E9 /* LoginViewController.swift */; };
		48C8A07D1E46CCAE0068C30B /* User.swift in Sources */ = {isa = PBXBuildFile; fileRef = 48C8A07C1E46CCAE0068C30B /* User.swift */; };
		48C8A07F1E46CCBC0068C30B /* Tweet.swift in Sources */ = {isa = PBXBuildFile; fileRef = 48C8A07E1E46CCBC0068C30B /* Tweet.swift */; };
		48F5E8021E46BDE7003CC5B5 /* Keys.plist in Resources */ = {isa = PBXBuildFile; fileRef = 48F5E8011E46BDE7003CC5B5 /* Keys.plist */; };
		48FFC58E1E404ABB00476AB1 /* AppDelegate.swift in Sources */ = {isa = PBXBuildFile; fileRef = 48FFC58D1E404ABB00476AB1 /* AppDelegate.swift */; };
		48FFC5931E404ABB00476AB1 /* Main.storyboard in Resources */ = {isa = PBXBuildFile; fileRef = 48FFC5911E404ABB00476AB1 /* Main.storyboard */; };
		48FFC5951E404ABB00476AB1 /* Assets.xcassets in Resources */ = {isa = PBXBuildFile; fileRef = 48FFC5941E404ABB00476AB1 /* Assets.xcassets */; };
		48FFC5981E404ABB00476AB1 /* LaunchScreen.storyboard in Resources */ = {isa = PBXBuildFile; fileRef = 48FFC5961E404ABB00476AB1 /* LaunchScreen.storyboard */; };
		A9A10313E77AF459E9FF6AB7 /* Pods_TwitterDemo.framework in Frameworks */ = {isa = PBXBuildFile; fileRef = B03D976C7A328ED142252CF6 /* Pods_TwitterDemo.framework */; };
/* End PBXBuildFile section */

/* Begin PBXFileReference section */
		346D72C65FF8D8F2D42E1408 /* Pods-TwitterDemo.release.xcconfig */ = {isa = PBXFileReference; includeInIndex = 1; lastKnownFileType = text.xcconfig; name = "Pods-TwitterDemo.release.xcconfig"; path = "Pods/Target Support Files/Pods-TwitterDemo/Pods-TwitterDemo.release.xcconfig"; sourceTree = "<group>"; };
		487218281E405780000159E9 /* LoginViewController.swift */ = {isa = PBXFileReference; fileEncoding = 4; lastKnownFileType = sourcecode.swift; path = LoginViewController.swift; sourceTree = "<group>"; };
		48C8A07C1E46CCAE0068C30B /* User.swift */ = {isa = PBXFileReference; fileEncoding = 4; lastKnownFileType = sourcecode.swift; path = User.swift; sourceTree = "<group>"; };
		48C8A07E1E46CCBC0068C30B /* Tweet.swift */ = {isa = PBXFileReference; fileEncoding = 4; lastKnownFileType = sourcecode.swift; path = Tweet.swift; sourceTree = "<group>"; };
		48F5E8011E46BDE7003CC5B5 /* Keys.plist */ = {isa = PBXFileReference; fileEncoding = 4; lastKnownFileType = text.plist.xml; path = Keys.plist; sourceTree = "<group>"; };
		48FFC58A1E404ABB00476AB1 /* TwitterDemo.app */ = {isa = PBXFileReference; explicitFileType = wrapper.application; includeInIndex = 0; path = TwitterDemo.app; sourceTree = BUILT_PRODUCTS_DIR; };
		48FFC58D1E404ABB00476AB1 /* AppDelegate.swift */ = {isa = PBXFileReference; lastKnownFileType = sourcecode.swift; path = AppDelegate.swift; sourceTree = "<group>"; };
		48FFC5921E404ABB00476AB1 /* Base */ = {isa = PBXFileReference; lastKnownFileType = file.storyboard; name = Base; path = Base.lproj/Main.storyboard; sourceTree = "<group>"; };
		48FFC5941E404ABB00476AB1 /* Assets.xcassets */ = {isa = PBXFileReference; lastKnownFileType = folder.assetcatalog; path = Assets.xcassets; sourceTree = "<group>"; };
		48FFC5971E404ABB00476AB1 /* Base */ = {isa = PBXFileReference; lastKnownFileType = file.storyboard; name = Base; path = Base.lproj/LaunchScreen.storyboard; sourceTree = "<group>"; };
		48FFC5991E404ABB00476AB1 /* Info.plist */ = {isa = PBXFileReference; lastKnownFileType = text.plist.xml; path = Info.plist; sourceTree = "<group>"; };
		5531E2523588372D8940DF70 /* Pods-TwitterDemo.debug.xcconfig */ = {isa = PBXFileReference; includeInIndex = 1; lastKnownFileType = text.xcconfig; name = "Pods-TwitterDemo.debug.xcconfig"; path = "Pods/Target Support Files/Pods-TwitterDemo/Pods-TwitterDemo.debug.xcconfig"; sourceTree = "<group>"; };
		B03D976C7A328ED142252CF6 /* Pods_TwitterDemo.framework */ = {isa = PBXFileReference; explicitFileType = wrapper.framework; includeInIndex = 0; path = Pods_TwitterDemo.framework; sourceTree = BUILT_PRODUCTS_DIR; };
/* End PBXFileReference section */

/* Begin PBXFrameworksBuildPhase section */
		48FFC5871E404ABA00476AB1 /* Frameworks */ = {
			isa = PBXFrameworksBuildPhase;
			buildActionMask = 2147483647;
			files = (
				A9A10313E77AF459E9FF6AB7 /* Pods_TwitterDemo.framework in Frameworks */,
			);
			runOnlyForDeploymentPostprocessing = 0;
		};
/* End PBXFrameworksBuildPhase section */

/* Begin PBXGroup section */
		0F3EBEB7A5D11DBDE9A5E887 /* Frameworks */ = {
			isa = PBXGroup;
			children = (
				B03D976C7A328ED142252CF6 /* Pods_TwitterDemo.framework */,
			);
			name = Frameworks;
			sourceTree = "<group>";
		};
		48C8A0791E46CC820068C30B /* Models */ = {
			isa = PBXGroup;
			children = (
				48C8A07C1E46CCAE0068C30B /* User.swift */,
				48C8A07E1E46CCBC0068C30B /* Tweet.swift */,
			);
			name = Models;
			sourceTree = "<group>";
		};
		48C8A07A1E46CC880068C30B /* Controllers */ = {
			isa = PBXGroup;
			children = (
				487218281E405780000159E9 /* LoginViewController.swift */,
			);
			name = Controllers;
			sourceTree = "<group>";
		};
		48C8A07B1E46CC900068C30B /* API */ = {
			isa = PBXGroup;
			children = (
			);
			name = API;
			sourceTree = "<group>";
		};
		48FFC5811E404ABA00476AB1 = {
			isa = PBXGroup;
			children = (
				48FFC58C1E404ABB00476AB1 /* TwitterDemo */,
				48FFC58B1E404ABB00476AB1 /* Products */,
				515ED4E55DA87645ECF7357A /* Pods */,
				0F3EBEB7A5D11DBDE9A5E887 /* Frameworks */,
			);
			sourceTree = "<group>";
		};
		48FFC58B1E404ABB00476AB1 /* Products */ = {
			isa = PBXGroup;
			children = (
				48FFC58A1E404ABB00476AB1 /* TwitterDemo.app */,
			);
			name = Products;
			sourceTree = "<group>";
		};
		48FFC58C1E404ABB00476AB1 /* TwitterDemo */ = {
			isa = PBXGroup;
			children = (
				48C8A07B1E46CC900068C30B /* API */,
				48C8A07A1E46CC880068C30B /* Controllers */,
				48C8A0791E46CC820068C30B /* Models */,
				48FFC58D1E404ABB00476AB1 /* AppDelegate.swift */,
				48FFC5911E404ABB00476AB1 /* Main.storyboard */,
				48FFC5941E404ABB00476AB1 /* Assets.xcassets */,
				48FFC5961E404ABB00476AB1 /* LaunchScreen.storyboard */,
				48FFC5991E404ABB00476AB1 /* Info.plist */,
				48F5E8011E46BDE7003CC5B5 /* Keys.plist */,
			);
			path = TwitterDemo;
			sourceTree = "<group>";
		};
		515ED4E55DA87645ECF7357A /* Pods */ = {
			isa = PBXGroup;
			children = (
				5531E2523588372D8940DF70 /* Pods-TwitterDemo.debug.xcconfig */,
				346D72C65FF8D8F2D42E1408 /* Pods-TwitterDemo.release.xcconfig */,
			);
			name = Pods;
			sourceTree = "<group>";
		};
/* End PBXGroup section */

/* Begin PBXNativeTarget section */
		48FFC5891E404ABA00476AB1 /* TwitterDemo */ = {
			isa = PBXNativeTarget;
			buildConfigurationList = 48FFC59C1E404ABB00476AB1 /* Build configuration list for PBXNativeTarget "TwitterDemo" */;
			buildPhases = (
				A97096012603B2047D9B4421 /* [CP] Check Pods Manifest.lock */,
				48FFC5861E404ABA00476AB1 /* Sources */,
				48FFC5871E404ABA00476AB1 /* Frameworks */,
				48FFC5881E404ABA00476AB1 /* Resources */,
				20E4B99616FEC8320E3C3916 /* [CP] Embed Pods Frameworks */,
				E4B98AD81AB94DCA218BF91E /* [CP] Copy Pods Resources */,
			);
			buildRules = (
			);
			dependencies = (
			);
			name = TwitterDemo;
			productName = TwitterDemo;
			productReference = 48FFC58A1E404ABB00476AB1 /* TwitterDemo.app */;
			productType = "com.apple.product-type.application";
		};
/* End PBXNativeTarget section */

/* Begin PBXProject section */
		48FFC5821E404ABA00476AB1 /* Project object */ = {
			isa = PBXProject;
			attributes = {
				LastSwiftUpdateCheck = 0810;
				LastUpgradeCheck = 0810;
				ORGANIZATIONNAME = "Robert Hernandez";
				TargetAttributes = {
					48FFC5891E404ABA00476AB1 = {
						CreatedOnToolsVersion = 8.1;
						DevelopmentTeam = G6A6KTQ9M6;
						ProvisioningStyle = Automatic;
					};
				};
			};
			buildConfigurationList = 48FFC5851E404ABA00476AB1 /* Build configuration list for PBXProject "TwitterDemo" */;
			compatibilityVersion = "Xcode 3.2";
			developmentRegion = English;
			hasScannedForEncodings = 0;
			knownRegions = (
				en,
				Base,
			);
			mainGroup = 48FFC5811E404ABA00476AB1;
			productRefGroup = 48FFC58B1E404ABB00476AB1 /* Products */;
			projectDirPath = "";
			projectRoot = "";
			targets = (
				48FFC5891E404ABA00476AB1 /* TwitterDemo */,
			);
		};
/* End PBXProject section */

/* Begin PBXResourcesBuildPhase section */
		48FFC5881E404ABA00476AB1 /* Resources */ = {
			isa = PBXResourcesBuildPhase;
			buildActionMask = 2147483647;
			files = (
				48F5E8021E46BDE7003CC5B5 /* Keys.plist in Resources */,
				48FFC5981E404ABB00476AB1 /* LaunchScreen.storyboard in Resources */,
				48FFC5951E404ABB00476AB1 /* Assets.xcassets in Resources */,
				48FFC5931E404ABB00476AB1 /* Main.storyboard in Resources */,
			);
			runOnlyForDeploymentPostprocessing = 0;
		};
/* End PBXResourcesBuildPhase section */

/* Begin PBXShellScriptBuildPhase section */
		20E4B99616FEC8320E3C3916 /* [CP] Embed Pods Frameworks */ = {
			isa = PBXShellScriptBuildPhase;
			buildActionMask = 2147483647;
			files = (
			);
			inputPaths = (
			);
			name = "[CP] Embed Pods Frameworks";
			outputPaths = (
			);
			runOnlyForDeploymentPostprocessing = 0;
			shellPath = /bin/sh;
			shellScript = "\"${SRCROOT}/Pods/Target Support Files/Pods-TwitterDemo/Pods-TwitterDemo-frameworks.sh\"\n";
			showEnvVarsInLog = 0;
		};
		A97096012603B2047D9B4421 /* [CP] Check Pods Manifest.lock */ = {
			isa = PBXShellScriptBuildPhase;
			buildActionMask = 2147483647;
			files = (
			);
			inputPaths = (
			);
			name = "[CP] Check Pods Manifest.lock";
			outputPaths = (
			);
			runOnlyForDeploymentPostprocessing = 0;
			shellPath = /bin/sh;
			shellScript = "diff \"${PODS_ROOT}/../Podfile.lock\" \"${PODS_ROOT}/Manifest.lock\" > /dev/null\nif [ $? != 0 ] ; then\n    # print error to STDERR\n    echo \"error: The sandbox is not in sync with the Podfile.lock. Run 'pod install' or update your CocoaPods installation.\" >&2\n    exit 1\nfi\n";
			showEnvVarsInLog = 0;
		};
		E4B98AD81AB94DCA218BF91E /* [CP] Copy Pods Resources */ = {
			isa = PBXShellScriptBuildPhase;
			buildActionMask = 2147483647;
			files = (
			);
			inputPaths = (
			);
			name = "[CP] Copy Pods Resources";
			outputPaths = (
			);
			runOnlyForDeploymentPostprocessing = 0;
			shellPath = /bin/sh;
			shellScript = "\"${SRCROOT}/Pods/Target Support Files/Pods-TwitterDemo/Pods-TwitterDemo-resources.sh\"\n";
			showEnvVarsInLog = 0;
		};
/* End PBXShellScriptBuildPhase section */

/* Begin PBXSourcesBuildPhase section */
		48FFC5861E404ABA00476AB1 /* Sources */ = {
			isa = PBXSourcesBuildPhase;
			buildActionMask = 2147483647;
			files = (
				487218291E405780000159E9 /* LoginViewController.swift in Sources */,
				48FFC58E1E404ABB00476AB1 /* AppDelegate.swift in Sources */,
				48C8A07D1E46CCAE0068C30B /* User.swift in Sources */,
				48C8A07F1E46CCBC0068C30B /* Tweet.swift in Sources */,
			);
			runOnlyForDeploymentPostprocessing = 0;
		};
/* End PBXSourcesBuildPhase section */

/* Begin PBXVariantGroup section */
		48FFC5911E404ABB00476AB1 /* Main.storyboard */ = {
			isa = PBXVariantGroup;
			children = (
				48FFC5921E404ABB00476AB1 /* Base */,
			);
			name = Main.storyboard;
			sourceTree = "<group>";
		};
		48FFC5961E404ABB00476AB1 /* LaunchScreen.storyboard */ = {
			isa = PBXVariantGroup;
			children = (
				48FFC5971E404ABB00476AB1 /* Base */,
			);
			name = LaunchScreen.storyboard;
			sourceTree = "<group>";
		};
/* End PBXVariantGroup section */

/* Begin XCBuildConfiguration section */
		48FFC59A1E404ABB00476AB1 /* Debug */ = {
			isa = XCBuildConfiguration;
			buildSettings = {
				ALWAYS_SEARCH_USER_PATHS = NO;
				CLANG_ANALYZER_NONNULL = YES;
				CLANG_CXX_LANGUAGE_STANDARD = "gnu++0x";
				CLANG_CXX_LIBRARY = "libc++";
				CLANG_ENABLE_MODULES = YES;
				CLANG_ENABLE_OBJC_ARC = YES;
				CLANG_WARN_BOOL_CONVERSION = YES;
				CLANG_WARN_CONSTANT_CONVERSION = YES;
				CLANG_WARN_DIRECT_OBJC_ISA_USAGE = YES_ERROR;
				CLANG_WARN_DOCUMENTATION_COMMENTS = YES;
				CLANG_WARN_EMPTY_BODY = YES;
				CLANG_WARN_ENUM_CONVERSION = YES;
				CLANG_WARN_INFINITE_RECURSION = YES;
				CLANG_WARN_INT_CONVERSION = YES;
				CLANG_WARN_OBJC_ROOT_CLASS = YES_ERROR;
				CLANG_WARN_SUSPICIOUS_MOVES = YES;
				CLANG_WARN_UNREACHABLE_CODE = YES;
				CLANG_WARN__DUPLICATE_METHOD_MATCH = YES;
				"CODE_SIGN_IDENTITY[sdk=iphoneos*]" = "iPhone Developer";
				COPY_PHASE_STRIP = NO;
				DEBUG_INFORMATION_FORMAT = dwarf;
				ENABLE_STRICT_OBJC_MSGSEND = YES;
				ENABLE_TESTABILITY = YES;
				GCC_C_LANGUAGE_STANDARD = gnu99;
				GCC_DYNAMIC_NO_PIC = NO;
				GCC_NO_COMMON_BLOCKS = YES;
				GCC_OPTIMIZATION_LEVEL = 0;
				GCC_PREPROCESSOR_DEFINITIONS = (
					"DEBUG=1",
					"$(inherited)",
				);
				GCC_WARN_64_TO_32_BIT_CONVERSION = YES;
				GCC_WARN_ABOUT_RETURN_TYPE = YES_ERROR;
				GCC_WARN_UNDECLARED_SELECTOR = YES;
				GCC_WARN_UNINITIALIZED_AUTOS = YES_AGGRESSIVE;
				GCC_WARN_UNUSED_FUNCTION = YES;
				GCC_WARN_UNUSED_VARIABLE = YES;
				IPHONEOS_DEPLOYMENT_TARGET = 10.1;
				MTL_ENABLE_DEBUG_INFO = YES;
				ONLY_ACTIVE_ARCH = YES;
				SDKROOT = iphoneos;
				SWIFT_ACTIVE_COMPILATION_CONDITIONS = DEBUG;
				SWIFT_OPTIMIZATION_LEVEL = "-Onone";
			};
			name = Debug;
		};
		48FFC59B1E404ABB00476AB1 /* Release */ = {
			isa = XCBuildConfiguration;
			buildSettings = {
				ALWAYS_SEARCH_USER_PATHS = NO;
				CLANG_ANALYZER_NONNULL = YES;
				CLANG_CXX_LANGUAGE_STANDARD = "gnu++0x";
				CLANG_CXX_LIBRARY = "libc++";
				CLANG_ENABLE_MODULES = YES;
				CLANG_ENABLE_OBJC_ARC = YES;
				CLANG_WARN_BOOL_CONVERSION = YES;
				CLANG_WARN_CONSTANT_CONVERSION = YES;
				CLANG_WARN_DIRECT_OBJC_ISA_USAGE = YES_ERROR;
				CLANG_WARN_DOCUMENTATION_COMMENTS = YES;
				CLANG_WARN_EMPTY_BODY = YES;
				CLANG_WARN_ENUM_CONVERSION = YES;
				CLANG_WARN_INFINITE_RECURSION = YES;
				CLANG_WARN_INT_CONVERSION = YES;
				CLANG_WARN_OBJC_ROOT_CLASS = YES_ERROR;
				CLANG_WARN_SUSPICIOUS_MOVES = YES;
				CLANG_WARN_UNREACHABLE_CODE = YES;
				CLANG_WARN__DUPLICATE_METHOD_MATCH = YES;
				"CODE_SIGN_IDENTITY[sdk=iphoneos*]" = "iPhone Developer";
				COPY_PHASE_STRIP = NO;
				DEBUG_INFORMATION_FORMAT = "dwarf-with-dsym";
				ENABLE_NS_ASSERTIONS = NO;
				ENABLE_STRICT_OBJC_MSGSEND = YES;
				GCC_C_LANGUAGE_STANDARD = gnu99;
				GCC_NO_COMMON_BLOCKS = YES;
				GCC_WARN_64_TO_32_BIT_CONVERSION = YES;
				GCC_WARN_ABOUT_RETURN_TYPE = YES_ERROR;
				GCC_WARN_UNDECLARED_SELECTOR = YES;
				GCC_WARN_UNINITIALIZED_AUTOS = YES_AGGRESSIVE;
				GCC_WARN_UNUSED_FUNCTION = YES;
				GCC_WARN_UNUSED_VARIABLE = YES;
				IPHONEOS_DEPLOYMENT_TARGET = 10.1;
				MTL_ENABLE_DEBUG_INFO = NO;
				SDKROOT = iphoneos;
				SWIFT_OPTIMIZATION_LEVEL = "-Owholemodule";
				VALIDATE_PRODUCT = YES;
			};
			name = Release;
		};
		48FFC59D1E404ABB00476AB1 /* Debug */ = {
			isa = XCBuildConfiguration;
			baseConfigurationReference = 5531E2523588372D8940DF70 /* Pods-TwitterDemo.debug.xcconfig */;
			buildSettings = {
				ASSETCATALOG_COMPILER_APPICON_NAME = AppIcon;
				DEVELOPMENT_TEAM = G6A6KTQ9M6;
				INFOPLIST_FILE = TwitterDemo/Info.plist;
				LD_RUNPATH_SEARCH_PATHS = "$(inherited) @executable_path/Frameworks";
				PRODUCT_BUNDLE_IDENTIFIER = codewithtea.TwitterDemo;
				PRODUCT_NAME = "$(TARGET_NAME)";
				SWIFT_VERSION = 3.0;
			};
			name = Debug;
		};
		48FFC59E1E404ABB00476AB1 /* Release */ = {
			isa = XCBuildConfiguration;
			baseConfigurationReference = 346D72C65FF8D8F2D42E1408 /* Pods-TwitterDemo.release.xcconfig */;
			buildSettings = {
				ASSETCATALOG_COMPILER_APPICON_NAME = AppIcon;
				DEVELOPMENT_TEAM = G6A6KTQ9M6;
				INFOPLIST_FILE = TwitterDemo/Info.plist;
				LD_RUNPATH_SEARCH_PATHS = "$(inherited) @executable_path/Frameworks";
				PRODUCT_BUNDLE_IDENTIFIER = codewithtea.TwitterDemo;
				PRODUCT_NAME = "$(TARGET_NAME)";
				SWIFT_VERSION = 3.0;
			};
			name = Release;
		};
/* End XCBuildConfiguration section */

/* Begin XCConfigurationList section */
		48FFC5851E404ABA00476AB1 /* Build configuration list for PBXProject "TwitterDemo" */ = {
			isa = XCConfigurationList;
			buildConfigurations = (
				48FFC59A1E404ABB00476AB1 /* Debug */,
				48FFC59B1E404ABB00476AB1 /* Release */,
			);
			defaultConfigurationIsVisible = 0;
			defaultConfigurationName = Release;
		};
		48FFC59C1E404ABB00476AB1 /* Build configuration list for PBXNativeTarget "TwitterDemo" */ = {
			isa = XCConfigurationList;
			buildConfigurations = (
				48FFC59D1E404ABB00476AB1 /* Debug */,
				48FFC59E1E404ABB00476AB1 /* Release */,
			);
			defaultConfigurationIsVisible = 0;
			defaultConfigurationName = Release;
		};
/* End XCConfigurationList section */
	};
	rootObject = 48FFC5821E404ABA00476AB1 /* Project object */;
}
